
Microsoft Visual Studio Solution File, Format Version 11.00
# Visual Studio 2010
Project("{FAE04EC0-301F-11D3-BF4B-00C04F79EFBC}") = "Microsoft.MixedReality.Toolkit.Providers.OpenVR", "Microsoft.MixedReality.Toolkit.Providers.OpenVR.csproj", "{6F3FD37F-2117-6F65-4D34-FC779D901F59}"
EndProject
Project("{FAE04EC0-301F-11D3-BF4B-00C04F79EFBC}") = "Microsoft.MixedReality.Toolkit.Examples", "Microsoft.MixedReality.Toolkit.Examples.csproj", "{56CC7ED4-70DC-3E2C-EDDC-60CF132499C5}"
EndProject
Project("{FAE04EC0-301F-11D3-BF4B-00C04F79EFBC}") = "Microsoft.MixedReality.Toolkit", "Microsoft.MixedReality.Toolkit.csproj", "{17F92360-1C2F-51A1-2F6F-154C609F5AAC}"
EndProject
Project("{FAE04EC0-301F-11D3-BF4B-00C04F79EFBC}") = "Microsoft.MixedReality.Toolkit.SDK", "Microsoft.MixedReality.Toolkit.SDK.csproj", "{D1AFA568-2B32-252A-6087-85E5E594725D}"
EndProject
Project("{FAE04EC0-301F-11D3-BF4B-00C04F79EFBC}") = "Microsoft.MixedReality.Toolkit.Services.SpatialAwarenessSystem", "Microsoft.MixedReality.Toolkit.Services.SpatialAwarenessSystem.csproj", "{FB000628-5EB3-A24D-338D-9FB279A68FD1}"
EndProject
Project("{FAE04EC0-301F-11D3-BF4B-00C04F79EFBC}") = "Microsoft.MixedReality.Toolkit.Utilities.Gltf", "Microsoft.MixedReality.Toolkit.Utilities.Gltf.csproj", "{C067A075-0F63-1AF8-A5A2-E1409E2387EE}"
EndProject
Project("{FAE04EC0-301F-11D3-BF4B-00C04F79EFBC}") = "Microsoft.MixedReality.Toolkit.Services.InputSystem", "Microsoft.MixedReality.Toolkit.Services.InputSystem.csproj", "{AB5B2AA1-A8F7-4B13-5A5D-15EC0551A588}"
EndProject
Project("{FAE04EC0-301F-11D3-BF4B-00C04F79EFBC}") = "Microsoft.MixedReality.Toolkit.Services.InputSimulation", "Microsoft.MixedReality.Toolkit.Services.InputSimulation.csproj", "{8B68B7B8-36A3-5434-9378-20DD5BFFA51C}"
EndProject
Project("{FAE04EC0-301F-11D3-BF4B-00C04F79EFBC}") = "Microsoft.MixedReality.Toolkit.Services.DiagnosticsSystem", "Microsoft.MixedReality.Toolkit.Services.DiagnosticsSystem.csproj", "{18CE27DC-8888-D57C-C423-F931FFC35E8D}"
EndProject
Project("{FAE04EC0-301F-11D3-BF4B-00C04F79EFBC}") = "MixedRealityToolkit.Examples.Demos.Utilities.InspectorFields", "MixedRealityToolkit.Examples.Demos.Utilities.InspectorFields.csproj", "{5A764FC5-2395-5BA2-1625-DE451F24C1AE}"
EndProject
Project("{FAE04EC0-301F-11D3-BF4B-00C04F79EFBC}") = "Microsoft.MixedReality.Toolkit.Core.Utilities.Async", "Microsoft.MixedReality.Toolkit.Core.Utilities.Async.csproj", "{F1445CB3-ED42-7E84-42B6-5ABFCF002EFF}"
EndProject
Project("{FAE04EC0-301F-11D3-BF4B-00C04F79EFBC}") = "Microsoft.MixedReality.Toolkit.Providers.WindowsMixedReality", "Microsoft.MixedReality.Toolkit.Providers.WindowsMixedReality.csproj", "{5FC1E8CE-C840-EBBA-515B-C0191B3E66F5}"
EndProject
Project("{FAE04EC0-301F-11D3-BF4B-00C04F79EFBC}") = "Microsoft.MixedReality.Toolkit.Examples.Demos.Gltf", "Microsoft.MixedReality.Toolkit.Examples.Demos.Gltf.csproj", "{07BDCDFD-15E0-2F24-0E4C-81A9E39B391F}"
EndProject
Project("{FAE04EC0-301F-11D3-BF4B-00C04F79EFBC}") = "Microsoft.MixedReality.Toolkit.Providers.WindowsVoiceInput", "Microsoft.MixedReality.Toolkit.Providers.WindowsVoiceInput.csproj", "{F48BFDD8-2BBC-3D3E-CD97-1A929F3C88B0}"
EndProject
Project("{FAE04EC0-301F-11D3-BF4B-00C04F79EFBC}") = "Microsoft.MixedReality.Toolkit.Services.TeleportSystem", "Microsoft.MixedReality.Toolkit.Services.TeleportSystem.csproj", "{0382B865-05DF-7B07-0E50-91EA5FF8D312}"
EndProject
Project("{FAE04EC0-301F-11D3-BF4B-00C04F79EFBC}") = "MixedRealityToolkit.Services.CameraSystem", "MixedRealityToolkit.Services.CameraSystem.csproj", "{E09E3A0E-5460-A842-6BAD-ED900A5493F4}"
EndProject
Project("{FAE04EC0-301F-11D3-BF4B-00C04F79EFBC}") = "Assembly-CSharp", "Assembly-CSharp.csproj", "{B54F26A9-BE0C-C25B-EE74-CD25B0748FBA}"
EndProject
Project("{FAE04EC0-301F-11D3-BF4B-00C04F79EFBC}") = "Microsoft.MixedReality.Toolkit.Services.BoundarySystem", "Microsoft.MixedReality.Toolkit.Services.BoundarySystem.csproj", "{B6F0D850-3B09-5E9C-9EED-0ACEB41F977A}"
EndProject
Project("{FAE04EC0-301F-11D3-BF4B-00C04F79EFBC}") = "MixedRealityToolkit.Examples.Demos.UX.Interactables", "MixedRealityToolkit.Examples.Demos.UX.Interactables.csproj", "{1FF73503-FD17-8317-ECBE-DDECFC84B84F}"
EndProject
Project("{FAE04EC0-301F-11D3-BF4B-00C04F79EFBC}") = "Microsoft.MixedReality.Toolkit.SDK.Inspectors", "Microsoft.MixedReality.Toolkit.SDK.Inspectors.csproj", "{675EBE69-6F5D-6B08-AC08-F68D217E791D}"
EndProject
Project("{FAE04EC0-301F-11D3-BF4B-00C04F79EFBC}") = "Microsoft.MixedReality.Toolkit.Core.Inspectors", "Microsoft.MixedReality.Toolkit.Core.Inspectors.csproj", "{15CE52AF-71CD-4E3E-E459-D9CAF0C77756}"
EndProject
Project("{FAE04EC0-301F-11D3-BF4B-00C04F79EFBC}") = "MixedRealityToolkit.Core.Inspectors.ServiceInspectors", "MixedRealityToolkit.Core.Inspectors.ServiceInspectors.csproj", "{095F91E6-A91A-944F-B9AF-46CE8897D66A}"
EndProject
Project("{FAE04EC0-301F-11D3-BF4B-00C04F79EFBC}") = "MixedRealityToolkit.Examples.Demos.Utilities.InspectorFields.Inspectors", "MixedRealityToolkit.Examples.Demos.Utilities.InspectorFields.Inspectors.csproj", "{19E05CFD-52EF-56B2-4C37-B0547547AD1D}"
EndProject
Project("{FAE04EC0-301F-11D3-BF4B-00C04F79EFBC}") = "Microsoft.MixedReality.Toolkit.Core.Utilities.Editor", "Microsoft.MixedReality.Toolkit.Core.Utilities.Editor.csproj", "{8303D2A7-A902-2C1D-9CFE-D8B31B655E82}"
EndProject
Project("{FAE04EC0-301F-11D3-BF4B-00C04F79EFBC}") = "Microsoft.MixedReality.Toolkit.Utilities.Gltf.Importers", "Microsoft.MixedReality.Toolkit.Utilities.Gltf.Importers.csproj", "{A39F08B6-FFD0-5B3B-949F-E1ADDCFE07B1}"
EndProject
Project("{FAE04EC0-301F-11D3-BF4B-00C04F79EFBC}") = "Microsoft.MixedReality.Toolkit.Core.Build", "Microsoft.MixedReality.Toolkit.Core.Build.csproj", "{E24611ED-21E9-D69A-836A-F47C9A9DBAAA}"
EndProject
Project("{FAE04EC0-301F-11D3-BF4B-00C04F79EFBC}") = "Microsoft.MixedReality.Toolkit.Core.Definitions.Utilities.Editor", "Microsoft.MixedReality.Toolkit.Core.Definitions.Utilities.Editor.csproj", "{EAD111A4-AC13-CA6F-288A-3BA884B64CC4}"
EndProject
Project("{FAE04EC0-301F-11D3-BF4B-00C04F79EFBC}") = "Microsoft.MixedReality.Toolkit.Services.InputSimulation.Editor", "Microsoft.MixedReality.Toolkit.Services.InputSimulation.Editor.csproj", "{70371FF0-246F-A937-51F1-64FE571527D7}"
EndProject
Project("{FAE04EC0-301F-11D3-BF4B-00C04F79EFBC}") = "Microsoft.MixedReality.Toolkit.Examples.Demos.StandardShader.Inspectors", "Microsoft.MixedReality.Toolkit.Examples.Demos.StandardShader.Inspectors.csproj", "{9465B179-29F7-E369-CF0C-AC8C8145A351}"
EndProject
Project("{FAE04EC0-301F-11D3-BF4B-00C04F79EFBC}") = "Microsoft.MixedReality.Toolkit.Services.InputSystem.Inspectors", "Microsoft.MixedReality.Toolkit.Services.InputSystem.Inspectors.csproj", "{4C7D6D3E-9C7B-5266-8F39-DB228402A39F}"
EndProject
Project("{FAE04EC0-301F-11D3-BF4B-00C04F79EFBC}") = "Microsoft.MixedReality.Toolkit.Core.Extensions.EditorClassExtensions", "Microsoft.MixedReality.Toolkit.Core.Extensions.EditorClassExtensions.csproj", "{0156AD99-20AD-162E-6A84-38CB3B17137D}"
EndProject
Global
	GlobalSection(SolutionConfigurationPlatforms) = preSolution
		Debug|Any CPU = Debug|Any CPU
		Release|Any CPU = Release|Any CPU
	EndGlobalSection
	GlobalSection(ProjectConfigurationPlatforms) = postSolution
		{6F3FD37F-2117-6F65-4D34-FC779D901F59}.Debug|Any CPU.ActiveCfg = Debug|Any CPU
		{6F3FD37F-2117-6F65-4D34-FC779D901F59}.Debug|Any CPU.Build.0 = Debug|Any CPU
		{6F3FD37F-2117-6F65-4D34-FC779D901F59}.Release|Any CPU.ActiveCfg = Release|Any CPU
		{6F3FD37F-2117-6F65-4D34-FC779D901F59}.Release|Any CPU.Build.0 = Release|Any CPU
		{56CC7ED4-70DC-3E2C-EDDC-60CF132499C5}.Debug|Any CPU.ActiveCfg = Debug|Any CPU
		{56CC7ED4-70DC-3E2C-EDDC-60CF132499C5}.Debug|Any CPU.Build.0 = Debug|Any CPU
		{56CC7ED4-70DC-3E2C-EDDC-60CF132499C5}.Release|Any CPU.ActiveCfg = Release|Any CPU
		{56CC7ED4-70DC-3E2C-EDDC-60CF132499C5}.Release|Any CPU.Build.0 = Release|Any CPU
		{17F92360-1C2F-51A1-2F6F-154C609F5AAC}.Debug|Any CPU.ActiveCfg = Debug|Any CPU
		{17F92360-1C2F-51A1-2F6F-154C609F5AAC}.Debug|Any CPU.Build.0 = Debug|Any CPU
		{17F92360-1C2F-51A1-2F6F-154C609F5AAC}.Release|Any CPU.ActiveCfg = Release|Any CPU
		{17F92360-1C2F-51A1-2F6F-154C609F5AAC}.Release|Any CPU.Build.0 = Release|Any CPU
		{D1AFA568-2B32-252A-6087-85E5E594725D}.Debug|Any CPU.ActiveCfg = Debug|Any CPU
		{D1AFA568-2B32-252A-6087-85E5E594725D}.Debug|Any CPU.Build.0 = Debug|Any CPU
		{D1AFA568-2B32-252A-6087-85E5E594725D}.Release|Any CPU.ActiveCfg = Release|Any CPU
		{D1AFA568-2B32-252A-6087-85E5E594725D}.Release|Any CPU.Build.0 = Release|Any CPU
		{FB000628-5EB3-A24D-338D-9FB279A68FD1}.Debug|Any CPU.ActiveCfg = Debug|Any CPU
		{FB000628-5EB3-A24D-338D-9FB279A68FD1}.Debug|Any CPU.Build.0 = Debug|Any CPU
		{FB000628-5EB3-A24D-338D-9FB279A68FD1}.Release|Any CPU.ActiveCfg = Release|Any CPU
		{FB000628-5EB3-A24D-338D-9FB279A68FD1}.Release|Any CPU.Build.0 = Release|Any CPU
		{C067A075-0F63-1AF8-A5A2-E1409E2387EE}.Debug|Any CPU.ActiveCfg = Debug|Any CPU
		{C067A075-0F63-1AF8-A5A2-E1409E2387EE}.Debug|Any CPU.Build.0 = Debug|Any CPU
		{C067A075-0F63-1AF8-A5A2-E1409E2387EE}.Release|Any CPU.ActiveCfg = Release|Any CPU
		{C067A075-0F63-1AF8-A5A2-E1409E2387EE}.Release|Any CPU.Build.0 = Release|Any CPU
		{AB5B2AA1-A8F7-4B13-5A5D-15EC0551A588}.Debug|Any CPU.ActiveCfg = Debug|Any CPU
		{AB5B2AA1-A8F7-4B13-5A5D-15EC0551A588}.Debug|Any CPU.Build.0 = Debug|Any CPU
		{AB5B2AA1-A8F7-4B13-5A5D-15EC0551A588}.Release|Any CPU.ActiveCfg = Release|Any CPU
		{AB5B2AA1-A8F7-4B13-5A5D-15EC0551A588}.Release|Any CPU.Build.0 = Release|Any CPU
		{8B68B7B8-36A3-5434-9378-20DD5BFFA51C}.Debug|Any CPU.ActiveCfg = Debug|Any CPU
		{8B68B7B8-36A3-5434-9378-20DD5BFFA51C}.Debug|Any CPU.Build.0 = Debug|Any CPU
		{8B68B7B8-36A3-5434-9378-20DD5BFFA51C}.Release|Any CPU.ActiveCfg = Release|Any CPU
		{8B68B7B8-36A3-5434-9378-20DD5BFFA51C}.Release|Any CPU.Build.0 = Release|Any CPU
		{18CE27DC-8888-D57C-C423-F931FFC35E8D}.Debug|Any CPU.ActiveCfg = Debug|Any CPU
		{18CE27DC-8888-D57C-C423-F931FFC35E8D}.Debug|Any CPU.Build.0 = Debug|Any CPU
		{18CE27DC-8888-D57C-C423-F931FFC35E8D}.Release|Any CPU.ActiveCfg = Release|Any CPU
		{18CE27DC-8888-D57C-C423-F931FFC35E8D}.Release|Any CPU.Build.0 = Release|Any CPU
		{5A764FC5-2395-5BA2-1625-DE451F24C1AE}.Debug|Any CPU.ActiveCfg = Debug|Any CPU
		{5A764FC5-2395-5BA2-1625-DE451F24C1AE}.Debug|Any CPU.Build.0 = Debug|Any CPU
		{5A764FC5-2395-5BA2-1625-DE451F24C1AE}.Release|Any CPU.ActiveCfg = Release|Any CPU
		{5A764FC5-2395-5BA2-1625-DE451F24C1AE}.Release|Any CPU.Build.0 = Release|Any CPU
		{F1445CB3-ED42-7E84-42B6-5ABFCF002EFF}.Debug|Any CPU.ActiveCfg = Debug|Any CPU
		{F1445CB3-ED42-7E84-42B6-5ABFCF002EFF}.Debug|Any CPU.Build.0 = Debug|Any CPU
		{F1445CB3-ED42-7E84-42B6-5ABFCF002EFF}.Release|Any CPU.ActiveCfg = Release|Any CPU
		{F1445CB3-ED42-7E84-42B6-5ABFCF002EFF}.Release|Any CPU.Build.0 = Release|Any CPU
		{5FC1E8CE-C840-EBBA-515B-C0191B3E66F5}.Debug|Any CPU.ActiveCfg = Debug|Any CPU
		{5FC1E8CE-C840-EBBA-515B-C0191B3E66F5}.Debug|Any CPU.Build.0 = Debug|Any CPU
		{5FC1E8CE-C840-EBBA-515B-C0191B3E66F5}.Release|Any CPU.ActiveCfg = Release|Any CPU
		{5FC1E8CE-C840-EBBA-515B-C0191B3E66F5}.Release|Any CPU.Build.0 = Release|Any CPU
		{07BDCDFD-15E0-2F24-0E4C-81A9E39B391F}.Debug|Any CPU.ActiveCfg = Debug|Any CPU
		{07BDCDFD-15E0-2F24-0E4C-81A9E39B391F}.Debug|Any CPU.Build.0 = Debug|Any CPU
		{07BDCDFD-15E0-2F24-0E4C-81A9E39B391F}.Release|Any CPU.ActiveCfg = Release|Any CPU
		{07BDCDFD-15E0-2F24-0E4C-81A9E39B391F}.Release|Any CPU.Build.0 = Release|Any CPU
		{F48BFDD8-2BBC-3D3E-CD97-1A929F3C88B0}.Debug|Any CPU.ActiveCfg = Debug|Any CPU
		{F48BFDD8-2BBC-3D3E-CD97-1A929F3C88B0}.Debug|Any CPU.Build.0 = Debug|Any CPU
		{F48BFDD8-2BBC-3D3E-CD97-1A929F3C88B0}.Release|Any CPU.ActiveCfg = Release|Any CPU
		{F48BFDD8-2BBC-3D3E-CD97-1A929F3C88B0}.Release|Any CPU.Build.0 = Release|Any CPU
		{0382B865-05DF-7B07-0E50-91EA5FF8D312}.Debug|Any CPU.ActiveCfg = Debug|Any CPU
		{0382B865-05DF-7B07-0E50-91EA5FF8D312}.Debug|Any CPU.Build.0 = Debug|Any CPU
		{0382B865-05DF-7B07-0E50-91EA5FF8D312}.Release|Any CPU.ActiveCfg = Release|Any CPU
		{0382B865-05DF-7B07-0E50-91EA5FF8D312}.Release|Any CPU.Build.0 = Release|Any CPU
		{E09E3A0E-5460-A842-6BAD-ED900A5493F4}.Debug|Any CPU.ActiveCfg = Debug|Any CPU
		{E09E3A0E-5460-A842-6BAD-ED900A5493F4}.Debug|Any CPU.Build.0 = Debug|Any CPU
		{E09E3A0E-5460-A842-6BAD-ED900A5493F4}.Release|Any CPU.ActiveCfg = Release|Any CPU
		{E09E3A0E-5460-A842-6BAD-ED900A5493F4}.Release|Any CPU.Build.0 = Release|Any CPU
		{B54F26A9-BE0C-C25B-EE74-CD25B0748FBA}.Debug|Any CPU.ActiveCfg = Debug|Any CPU
		{B54F26A9-BE0C-C25B-EE74-CD25B0748FBA}.Debug|Any CPU.Build.0 = Debug|Any CPU
		{B54F26A9-BE0C-C25B-EE74-CD25B0748FBA}.Release|Any CPU.ActiveCfg = Release|Any CPU
		{B54F26A9-BE0C-C25B-EE74-CD25B0748FBA}.Release|Any CPU.Build.0 = Release|Any CPU
		{B6F0D850-3B09-5E9C-9EED-0ACEB41F977A}.Debug|Any CPU.ActiveCfg = Debug|Any CPU
		{B6F0D850-3B09-5E9C-9EED-0ACEB41F977A}.Debug|Any CPU.Build.0 = Debug|Any CPU
		{B6F0D850-3B09-5E9C-9EED-0ACEB41F977A}.Release|Any CPU.ActiveCfg = Release|Any CPU
		{B6F0D850-3B09-5E9C-9EED-0ACEB41F977A}.Release|Any CPU.Build.0 = Release|Any CPU
		{1FF73503-FD17-8317-ECBE-DDECFC84B84F}.Debug|Any CPU.ActiveCfg = Debug|Any CPU
		{1FF73503-FD17-8317-ECBE-DDECFC84B84F}.Debug|Any CPU.Build.0 = Debug|Any CPU
		{1FF73503-FD17-8317-ECBE-DDECFC84B84F}.Release|Any CPU.ActiveCfg = Release|Any CPU
		{1FF73503-FD17-8317-ECBE-DDECFC84B84F}.Release|Any CPU.Build.0 = Release|Any CPU
		{675EBE69-6F5D-6B08-AC08-F68D217E791D}.Debug|Any CPU.ActiveCfg = Debug|Any CPU
		{675EBE69-6F5D-6B08-AC08-F68D217E791D}.Debug|Any CPU.Build.0 = Debug|Any CPU
		{675EBE69-6F5D-6B08-AC08-F68D217E791D}.Release|Any CPU.ActiveCfg = Release|Any CPU
		{675EBE69-6F5D-6B08-AC08-F68D217E791D}.Release|Any CPU.Build.0 = Release|Any CPU
		{15CE52AF-71CD-4E3E-E459-D9CAF0C77756}.Debug|Any CPU.ActiveCfg = Debug|Any CPU
		{15CE52AF-71CD-4E3E-E459-D9CAF0C77756}.Debug|Any CPU.Build.0 = Debug|Any CPU
		{15CE52AF-71CD-4E3E-E459-D9CAF0C77756}.Release|Any CPU.ActiveCfg = Release|Any CPU
		{15CE52AF-71CD-4E3E-E459-D9CAF0C77756}.Release|Any CPU.Build.0 = Release|Any CPU
		{095F91E6-A91A-944F-B9AF-46CE8897D66A}.Debug|Any CPU.ActiveCfg = Debug|Any CPU
		{095F91E6-A91A-944F-B9AF-46CE8897D66A}.Debug|Any CPU.Build.0 = Debug|Any CPU
		{095F91E6-A91A-944F-B9AF-46CE8897D66A}.Release|Any CPU.ActiveCfg = Release|Any CPU
		{095F91E6-A91A-944F-B9AF-46CE8897D66A}.Release|Any CPU.Build.0 = Release|Any CPU
		{19E05CFD-52EF-56B2-4C37-B0547547AD1D}.Debug|Any CPU.ActiveCfg = Debug|Any CPU
		{19E05CFD-52EF-56B2-4C37-B0547547AD1D}.Debug|Any CPU.Build.0 = Debug|Any CPU
		{19E05CFD-52EF-56B2-4C37-B0547547AD1D}.Release|Any CPU.ActiveCfg = Release|Any CPU
		{19E05CFD-52EF-56B2-4C37-B0547547AD1D}.Release|Any CPU.Build.0 = Release|Any CPU
		{8303D2A7-A902-2C1D-9CFE-D8B31B655E82}.Debug|Any CPU.ActiveCfg = Debug|Any CPU
		{8303D2A7-A902-2C1D-9CFE-D8B31B655E82}.Debug|Any CPU.Build.0 = Debug|Any CPU
		{8303D2A7-A902-2C1D-9CFE-D8B31B655E82}.Release|Any CPU.ActiveCfg = Release|Any CPU
		{8303D2A7-A902-2C1D-9CFE-D8B31B655E82}.Release|Any CPU.Build.0 = Release|Any CPU
		{A39F08B6-FFD0-5B3B-949F-E1ADDCFE07B1}.Debug|Any CPU.ActiveCfg = Debug|Any CPU
		{A39F08B6-FFD0-5B3B-949F-E1ADDCFE07B1}.Debug|Any CPU.Build.0 = Debug|Any CPU
		{A39F08B6-FFD0-5B3B-949F-E1ADDCFE07B1}.Release|Any CPU.ActiveCfg = Release|Any CPU
		{A39F08B6-FFD0-5B3B-949F-E1ADDCFE07B1}.Release|Any CPU.Build.0 = Release|Any CPU
		{E24611ED-21E9-D69A-836A-F47C9A9DBAAA}.Debug|Any CPU.ActiveCfg = Debug|Any CPU
		{E24611ED-21E9-D69A-836A-F47C9A9DBAAA}.Debug|Any CPU.Build.0 = Debug|Any CPU
		{E24611ED-21E9-D69A-836A-F47C9A9DBAAA}.Release|Any CPU.ActiveCfg = Release|Any CPU
		{E24611ED-21E9-D69A-836A-F47C9A9DBAAA}.Release|Any CPU.Build.0 = Release|Any CPU
		{EAD111A4-AC13-CA6F-288A-3BA884B64CC4}.Debug|Any CPU.ActiveCfg = Debug|Any CPU
		{EAD111A4-AC13-CA6F-288A-3BA884B64CC4}.Debug|Any CPU.Build.0 = Debug|Any CPU
		{EAD111A4-AC13-CA6F-288A-3BA884B64CC4}.Release|Any CPU.ActiveCfg = Release|Any CPU
		{EAD111A4-AC13-CA6F-288A-3BA884B64CC4}.Release|Any CPU.Build.0 = Release|Any CPU
		{70371FF0-246F-A937-51F1-64FE571527D7}.Debug|Any CPU.ActiveCfg = Debug|Any CPU
		{70371FF0-246F-A937-51F1-64FE571527D7}.Debug|Any CPU.Build.0 = Debug|Any CPU
		{70371FF0-246F-A937-51F1-64FE571527D7}.Release|Any CPU.ActiveCfg = Release|Any CPU
		{70371FF0-246F-A937-51F1-64FE571527D7}.Release|Any CPU.Build.0 = Release|Any CPU
		{9465B179-29F7-E369-CF0C-AC8C8145A351}.Debug|Any CPU.ActiveCfg = Debug|Any CPU
		{9465B179-29F7-E369-CF0C-AC8C8145A351}.Debug|Any CPU.Build.0 = Debug|Any CPU
		{9465B179-29F7-E369-CF0C-AC8C8145A351}.Release|Any CPU.ActiveCfg = Release|Any CPU
		{9465B179-29F7-E369-CF0C-AC8C8145A351}.Release|Any CPU.Build.0 = Release|Any CPU
		{4C7D6D3E-9C7B-5266-8F39-DB228402A39F}.Debug|Any CPU.ActiveCfg = Debug|Any CPU
		{4C7D6D3E-9C7B-5266-8F39-DB228402A39F}.Debug|Any CPU.Build.0 = Debug|Any CPU
		{4C7D6D3E-9C7B-5266-8F39-DB228402A39F}.Release|Any CPU.ActiveCfg = Release|Any CPU
		{4C7D6D3E-9C7B-5266-8F39-DB228402A39F}.Release|Any CPU.Build.0 = Release|Any CPU
		{0156AD99-20AD-162E-6A84-38CB3B17137D}.Debug|Any CPU.ActiveCfg = Debug|Any CPU
		{0156AD99-20AD-162E-6A84-38CB3B17137D}.Debug|Any CPU.Build.0 = Debug|Any CPU
		{0156AD99-20AD-162E-6A84-38CB3B17137D}.Release|Any CPU.ActiveCfg = Release|Any CPU
		{0156AD99-20AD-162E-6A84-38CB3B17137D}.Release|Any CPU.Build.0 = Release|Any CPU
	EndGlobalSection
	GlobalSection(SolutionProperties) = preSolution
		HideSolutionNode = FALSE
	EndGlobalSection
	GlobalSection(MonoDevelopProperties) = preSolution
		StartupItem = Assembly-CSharp.csproj
	EndGlobalSection
EndGlobal
