
Microsoft Visual Studio Solution File, Format Version 12.00
# Visual Studio Version 16
VisualStudioVersion = 16.0.29009.5
MinimumVisualStudioVersion = 10.0.40219.1
Project("{FAE04EC0-301F-11D3-BF4B-00C04F79EFBC}") = "BrandingUWPApp2", "BrandingUWPApp2\BrandingUWPApp2.csproj", "{15BB0A2B-17EC-41B7-9BB7-286CDA145DD4}"
EndProject
Global
	GlobalSection(SolutionConfigurationPlatforms) = preSolution
		Debug|ARM = Debug|ARM
		Debug|ARM64 = Debug|ARM64
		Debug|x64 = Debug|x64
		Debug|x86 = Debug|x86
		Release|ARM = Release|ARM
		Release|ARM64 = Release|ARM64
		Release|x64 = Release|x64
		Release|x86 = Release|x86
	EndGlobalSection
	GlobalSection(ProjectConfigurationPlatforms) = postSolution
		{15BB0A2B-17EC-41B7-9BB7-286CDA145DD4}.Debug|ARM.ActiveCfg = Debug|ARM
		{15BB0A2B-17EC-41B7-9BB7-286CDA145DD4}.Debug|ARM.Build.0 = Debug|ARM
		{15BB0A2B-17EC-41B7-9BB7-286CDA145DD4}.Debug|ARM.Deploy.0 = Debug|ARM
		{15BB0A2B-17EC-41B7-9BB7-286CDA145DD4}.Debug|ARM64.ActiveCfg = Debug|ARM64
		{15BB0A2B-17EC-41B7-9BB7-286CDA145DD4}.Debug|ARM64.Build.0 = Debug|ARM64
		{15BB0A2B-17EC-41B7-9BB7-286CDA145DD4}.Debug|ARM64.Deploy.0 = Debug|ARM64
		{15BB0A2B-17EC-41B7-9BB7-286CDA145DD4}.Debug|x64.ActiveCfg = Debug|x64
		{15BB0A2B-17EC-41B7-9BB7-286CDA145DD4}.Debug|x64.Build.0 = Debug|x64
		{15BB0A2B-17EC-41B7-9BB7-286CDA145DD4}.Debug|x64.Deploy.0 = Debug|x64
		{15BB0A2B-17EC-41B7-9BB7-286CDA145DD4}.Debug|x86.ActiveCfg = Debug|x86
		{15BB0A2B-17EC-41B7-9BB7-286CDA145DD4}.Debug|x86.Build.0 = Debug|x86
		{15BB0A2B-17EC-41B7-9BB7-286CDA145DD4}.Debug|x86.Deploy.0 = Debug|x86
		{15BB0A2B-17EC-41B7-9BB7-286CDA145DD4}.Release|ARM.ActiveCfg = Release|ARM
		{15BB0A2B-17EC-41B7-9BB7-286CDA145DD4}.Release|ARM.Build.0 = Release|ARM
		{15BB0A2B-17EC-41B7-9BB7-286CDA145DD4}.Release|ARM.Deploy.0 = Release|ARM
		{15BB0A2B-17EC-41B7-9BB7-286CDA145DD4}.Release|ARM64.ActiveCfg = Release|ARM64
		{15BB0A2B-17EC-41B7-9BB7-286CDA145DD4}.Release|ARM64.Build.0 = Release|ARM64
		{15BB0A2B-17EC-41B7-9BB7-286CDA145DD4}.Release|ARM64.Deploy.0 = Release|ARM64
		{15BB0A2B-17EC-41B7-9BB7-286CDA145DD4}.Release|x64.ActiveCfg = Release|x64
		{15BB0A2B-17EC-41B7-9BB7-286CDA145DD4}.Release|x64.Build.0 = Release|x64
		{15BB0A2B-17EC-41B7-9BB7-286CDA145DD4}.Release|x64.Deploy.0 = Release|x64
		{15BB0A2B-17EC-41B7-9BB7-286CDA145DD4}.Release|x86.ActiveCfg = Release|x86
		{15BB0A2B-17EC-41B7-9BB7-286CDA145DD4}.Release|x86.Build.0 = Release|x86
		{15BB0A2B-17EC-41B7-9BB7-286CDA145DD4}.Release|x86.Deploy.0 = Release|x86
	EndGlobalSection
	GlobalSection(SolutionProperties) = preSolution
		HideSolutionNode = FALSE
	EndGlobalSection
	GlobalSection(ExtensibilityGlobals) = postSolution
		SolutionGuid = {982B68CC-C973-4827-B6DD-CD010CB56657}
	EndGlobalSection
EndGlobal
